
Microsoft Visual Studio Solution File, Format Version 12.00
# Visual Studio Version 17
VisualStudioVersion = 17.13.35806.99 d17.13
MinimumVisualStudioVersion = 10.0.40219.1
Project("{FAE04EC0-301F-11D3-BF4B-00C04F79EFBC}") = "UnitTestProject", "UnitTestProject\UnitTestProject.csproj", "{A2893E4A-CB7A-4FA3-B72B-5B4D8AFBC4C5}"
EndProject
Global
	GlobalSection(SolutionConfigurationPlatforms) = preSolution
		Debug|Any CPU = Debug|Any CPU
		Release|Any CPU = Release|Any CPU
	EndGlobalSection
	GlobalSection(ProjectConfigurationPlatforms) = postSolution
		{A2893E4A-CB7A-4FA3-B72B-5B4D8AFBC4C5}.Debug|Any CPU.ActiveCfg = Debug|Any CPU
		{A2893E4A-CB7A-4FA3-B72B-5B4D8AFBC4C5}.Debug|Any CPU.Build.0 = Debug|Any CPU
		{A2893E4A-CB7A-4FA3-B72B-5B4D8AFBC4C5}.Release|Any CPU.ActiveCfg = Release|Any CPU
		{A2893E4A-CB7A-4FA3-B72B-5B4D8AFBC4C5}.Release|Any CPU.Build.0 = Release|Any CPU
	EndGlobalSection
	GlobalSection(SolutionProperties) = preSolution
		HideSolutionNode = FALSE
	EndGlobalSection
	GlobalSection(ExtensibilityGlobals) = postSolution
		SolutionGuid = {01A9E008-30FD-4C49-8691-22198F12BADB}
	EndGlobalSection
EndGlobal
